// !$*UTF8*$!
{
	archiveVersion = 1;
	classes = {
	};
	objectVersion = 50;
	objects = {

/* Begin PBXBuildFile section */
		097996A2DF40931944129641 /* Pods_BlockoneLab.framework in Frameworks */ = {isa = PBXBuildFile; fileRef = 71C69EA8B089429212850009 /* Pods_BlockoneLab.framework */; };
		D1FBCDF8213772FF0021FA2B /* Main.storyboard in Resources */ = {isa = PBXBuildFile; fileRef = D1FBCDF6213772FF0021FA2B /* Main.storyboard */; };
		D1FBCDFA213773010021FA2B /* Assets.xcassets in Resources */ = {isa = PBXBuildFile; fileRef = D1FBCDF9213773010021FA2B /* Assets.xcassets */; };
		D1FBCDFD213773010021FA2B /* LaunchScreen.storyboard in Resources */ = {isa = PBXBuildFile; fileRef = D1FBCDFB213773010021FA2B /* LaunchScreen.storyboard */; };
		D1FBCE0621377A5B0021FA2B /* AppDelegate.swift in Sources */ = {isa = PBXBuildFile; fileRef = D1FBCE0521377A5B0021FA2B /* AppDelegate.swift */; };
		D1FBCE1721377A6D0021FA2B /* ServiceManager.swift in Sources */ = {isa = PBXBuildFile; fileRef = D1FBCE0821377A6C0021FA2B /* ServiceManager.swift */; };
		D1FBCE1821377A6D0021FA2B /* API.swift in Sources */ = {isa = PBXBuildFile; fileRef = D1FBCE0921377A6C0021FA2B /* API.swift */; };
		D1FBCE1921377A6D0021FA2B /* BaseViewController.swift in Sources */ = {isa = PBXBuildFile; fileRef = D1FBCE0E21377A6C0021FA2B /* BaseViewController.swift */; };
		D1FBCE1A21377A6D0021FA2B /* SplitViewController.swift in Sources */ = {isa = PBXBuildFile; fileRef = D1FBCE0F21377A6C0021FA2B /* SplitViewController.swift */; };
		D1FBCE1B21377A6D0021FA2B /* BlockoneLab.xcdatamodeld in Sources */ = {isa = PBXBuildFile; fileRef = D1FBCE1221377A6D0021FA2B /* BlockoneLab.xcdatamodeld */; };
		D1FBCE1C21377A6D0021FA2B /* CoreDataUtility.swift in Sources */ = {isa = PBXBuildFile; fileRef = D1FBCE1621377A6D0021FA2B /* CoreDataUtility.swift */; };
		D1FBCE1F21377CF70021FA2B /* SearchViewController.swift in Sources */ = {isa = PBXBuildFile; fileRef = D1FBCE1E21377CF70021FA2B /* SearchViewController.swift */; };
		D1FBCE2121377D4E0021FA2B /* Search.storyboard in Resources */ = {isa = PBXBuildFile; fileRef = D1FBCE2021377D4E0021FA2B /* Search.storyboard */; };
		D1FBCE2721378A060021FA2B /* Block+CoreDataProperties.swift in Sources */ = {isa = PBXBuildFile; fileRef = D1FBCE2221378A060021FA2B /* Block+CoreDataProperties.swift */; };
		D1FBCE2821378A060021FA2B /* CycleSummary+CoreDataProperties.swift in Sources */ = {isa = PBXBuildFile; fileRef = D1FBCE2321378A060021FA2B /* CycleSummary+CoreDataProperties.swift */; };
		D1FBCE2921378A060021FA2B /* Region+CoreDataProperties.swift in Sources */ = {isa = PBXBuildFile; fileRef = D1FBCE2421378A060021FA2B /* Region+CoreDataProperties.swift */; };
		D1FBCE2A21378A060021FA2B /* BlockchainInfo+CoreDataProperties.swift in Sources */ = {isa = PBXBuildFile; fileRef = D1FBCE2521378A060021FA2B /* BlockchainInfo+CoreDataProperties.swift */; };
		D1FBCE2B21378A060021FA2B /* Transaction+CoreDataProperties.swift in Sources */ = {isa = PBXBuildFile; fileRef = D1FBCE2621378A060021FA2B /* Transaction+CoreDataProperties.swift */; };
		D1FBCE3121378A170021FA2B /* BlockchainInfo+CoreDataClass.swift in Sources */ = {isa = PBXBuildFile; fileRef = D1FBCE2C21378A170021FA2B /* BlockchainInfo+CoreDataClass.swift */; };
		D1FBCE3221378A170021FA2B /* Region+CoreDataClass.swift in Sources */ = {isa = PBXBuildFile; fileRef = D1FBCE2D21378A170021FA2B /* Region+CoreDataClass.swift */; };
		D1FBCE3321378A170021FA2B /* CycleSummary+CoreDataClass.swift in Sources */ = {isa = PBXBuildFile; fileRef = D1FBCE2E21378A170021FA2B /* CycleSummary+CoreDataClass.swift */; };
		D1FBCE3421378A170021FA2B /* Block+CoreDataClass.swift in Sources */ = {isa = PBXBuildFile; fileRef = D1FBCE2F21378A170021FA2B /* Block+CoreDataClass.swift */; };
		D1FBCE3521378A170021FA2B /* Transaction+CoreDataClass.swift in Sources */ = {isa = PBXBuildFile; fileRef = D1FBCE3021378A170021FA2B /* Transaction+CoreDataClass.swift */; };
		D1FBCE38213790BD0021FA2B /* DeviceType.swift in Sources */ = {isa = PBXBuildFile; fileRef = D1FBCE37213790BC0021FA2B /* DeviceType.swift */; };
		D1FBCE3A2137916E0021FA2B /* DetailViewController.swift in Sources */ = {isa = PBXBuildFile; fileRef = D1FBCE392137916E0021FA2B /* DetailViewController.swift */; };
		D1FBCE3C213791820021FA2B /* Detail.storyboard in Resources */ = {isa = PBXBuildFile; fileRef = D1FBCE3B213791820021FA2B /* Detail.storyboard */; };
		D1FBCE402137FD100021FA2B /* BlockTableCell.swift in Sources */ = {isa = PBXBuildFile; fileRef = D1FBCE3E2137FD100021FA2B /* BlockTableCell.swift */; };
		D1FBCE412137FD100021FA2B /* BlockTableCell.xib in Resources */ = {isa = PBXBuildFile; fileRef = D1FBCE3F2137FD100021FA2B /* BlockTableCell.xib */; };
/* End PBXBuildFile section */

/* Begin PBXFileReference section */
		6580AC54DA0D947C615C2BD1 /* Pods-BlockoneLab.release.xcconfig */ = {isa = PBXFileReference; includeInIndex = 1; lastKnownFileType = text.xcconfig; name = "Pods-BlockoneLab.release.xcconfig"; path = "Pods/Target Support Files/Pods-BlockoneLab/Pods-BlockoneLab.release.xcconfig"; sourceTree = "<group>"; };
		6638A0BFC1247E6DF8E23FA6 /* Pods-BlockoneLab.debug.xcconfig */ = {isa = PBXFileReference; includeInIndex = 1; lastKnownFileType = text.xcconfig; name = "Pods-BlockoneLab.debug.xcconfig"; path = "Pods/Target Support Files/Pods-BlockoneLab/Pods-BlockoneLab.debug.xcconfig"; sourceTree = "<group>"; };
		71C69EA8B089429212850009 /* Pods_BlockoneLab.framework */ = {isa = PBXFileReference; explicitFileType = wrapper.framework; includeInIndex = 0; path = Pods_BlockoneLab.framework; sourceTree = BUILT_PRODUCTS_DIR; };
		D1FBCDEA213772FF0021FA2B /* BlockoneLab.app */ = {isa = PBXFileReference; explicitFileType = wrapper.application; includeInIndex = 0; path = BlockoneLab.app; sourceTree = BUILT_PRODUCTS_DIR; };
		D1FBCDF7213772FF0021FA2B /* Base */ = {isa = PBXFileReference; lastKnownFileType = file.storyboard; name = Base; path = Base.lproj/Main.storyboard; sourceTree = "<group>"; };
		D1FBCDF9213773010021FA2B /* Assets.xcassets */ = {isa = PBXFileReference; lastKnownFileType = folder.assetcatalog; path = Assets.xcassets; sourceTree = "<group>"; };
		D1FBCDFC213773010021FA2B /* Base */ = {isa = PBXFileReference; lastKnownFileType = file.storyboard; name = Base; path = Base.lproj/LaunchScreen.storyboard; sourceTree = "<group>"; };
		D1FBCDFE213773010021FA2B /* Info.plist */ = {isa = PBXFileReference; lastKnownFileType = text.plist.xml; path = Info.plist; sourceTree = "<group>"; };
		D1FBCE0521377A5B0021FA2B /* AppDelegate.swift */ = {isa = PBXFileReference; fileEncoding = 4; lastKnownFileType = sourcecode.swift; path = AppDelegate.swift; sourceTree = "<group>"; };
		D1FBCE0821377A6C0021FA2B /* ServiceManager.swift */ = {isa = PBXFileReference; fileEncoding = 4; lastKnownFileType = sourcecode.swift; path = ServiceManager.swift; sourceTree = "<group>"; };
		D1FBCE0921377A6C0021FA2B /* API.swift */ = {isa = PBXFileReference; fileEncoding = 4; lastKnownFileType = sourcecode.swift; path = API.swift; sourceTree = "<group>"; };
		D1FBCE0E21377A6C0021FA2B /* BaseViewController.swift */ = {isa = PBXFileReference; fileEncoding = 4; lastKnownFileType = sourcecode.swift; path = BaseViewController.swift; sourceTree = "<group>"; };
		D1FBCE0F21377A6C0021FA2B /* SplitViewController.swift */ = {isa = PBXFileReference; fileEncoding = 4; lastKnownFileType = sourcecode.swift; path = SplitViewController.swift; sourceTree = "<group>"; };
		D1FBCE1321377A6D0021FA2B /* BlockoneLab.xcdatamodel */ = {isa = PBXFileReference; lastKnownFileType = wrapper.xcdatamodel; path = BlockoneLab.xcdatamodel; sourceTree = "<group>"; };
		D1FBCE1621377A6D0021FA2B /* CoreDataUtility.swift */ = {isa = PBXFileReference; fileEncoding = 4; lastKnownFileType = sourcecode.swift; path = CoreDataUtility.swift; sourceTree = "<group>"; };
		D1FBCE1D21377B680021FA2B /* BlockoneLab-Bridging-Header.h */ = {isa = PBXFileReference; lastKnownFileType = sourcecode.c.h; path = "BlockoneLab-Bridging-Header.h"; sourceTree = "<group>"; };
		D1FBCE1E21377CF70021FA2B /* SearchViewController.swift */ = {isa = PBXFileReference; lastKnownFileType = sourcecode.swift; path = SearchViewController.swift; sourceTree = "<group>"; };
		D1FBCE2021377D4E0021FA2B /* Search.storyboard */ = {isa = PBXFileReference; lastKnownFileType = file.storyboard; path = Search.storyboard; sourceTree = "<group>"; };
		D1FBCE2221378A060021FA2B /* Block+CoreDataProperties.swift */ = {isa = PBXFileReference; fileEncoding = 4; lastKnownFileType = sourcecode.swift; path = "Block+CoreDataProperties.swift"; sourceTree = "<group>"; };
		D1FBCE2321378A060021FA2B /* CycleSummary+CoreDataProperties.swift */ = {isa = PBXFileReference; fileEncoding = 4; lastKnownFileType = sourcecode.swift; path = "CycleSummary+CoreDataProperties.swift"; sourceTree = "<group>"; };
		D1FBCE2421378A060021FA2B /* Region+CoreDataProperties.swift */ = {isa = PBXFileReference; fileEncoding = 4; lastKnownFileType = sourcecode.swift; path = "Region+CoreDataProperties.swift"; sourceTree = "<group>"; };
		D1FBCE2521378A060021FA2B /* BlockchainInfo+CoreDataProperties.swift */ = {isa = PBXFileReference; fileEncoding = 4; lastKnownFileType = sourcecode.swift; path = "BlockchainInfo+CoreDataProperties.swift"; sourceTree = "<group>"; };
		D1FBCE2621378A060021FA2B /* Transaction+CoreDataProperties.swift */ = {isa = PBXFileReference; fileEncoding = 4; lastKnownFileType = sourcecode.swift; path = "Transaction+CoreDataProperties.swift"; sourceTree = "<group>"; };
		D1FBCE2C21378A170021FA2B /* BlockchainInfo+CoreDataClass.swift */ = {isa = PBXFileReference; fileEncoding = 4; lastKnownFileType = sourcecode.swift; path = "BlockchainInfo+CoreDataClass.swift"; sourceTree = "<group>"; };
		D1FBCE2D21378A170021FA2B /* Region+CoreDataClass.swift */ = {isa = PBXFileReference; fileEncoding = 4; lastKnownFileType = sourcecode.swift; path = "Region+CoreDataClass.swift"; sourceTree = "<group>"; };
		D1FBCE2E21378A170021FA2B /* CycleSummary+CoreDataClass.swift */ = {isa = PBXFileReference; fileEncoding = 4; lastKnownFileType = sourcecode.swift; path = "CycleSummary+CoreDataClass.swift"; sourceTree = "<group>"; };
		D1FBCE2F21378A170021FA2B /* Block+CoreDataClass.swift */ = {isa = PBXFileReference; fileEncoding = 4; lastKnownFileType = sourcecode.swift; path = "Block+CoreDataClass.swift"; sourceTree = "<group>"; };
		D1FBCE3021378A170021FA2B /* Transaction+CoreDataClass.swift */ = {isa = PBXFileReference; fileEncoding = 4; lastKnownFileType = sourcecode.swift; path = "Transaction+CoreDataClass.swift"; sourceTree = "<group>"; };
		D1FBCE37213790BC0021FA2B /* DeviceType.swift */ = {isa = PBXFileReference; fileEncoding = 4; lastKnownFileType = sourcecode.swift; path = DeviceType.swift; sourceTree = "<group>"; };
		D1FBCE392137916E0021FA2B /* DetailViewController.swift */ = {isa = PBXFileReference; lastKnownFileType = sourcecode.swift; path = DetailViewController.swift; sourceTree = "<group>"; };
		D1FBCE3B213791820021FA2B /* Detail.storyboard */ = {isa = PBXFileReference; lastKnownFileType = file.storyboard; path = Detail.storyboard; sourceTree = "<group>"; };
		D1FBCE3E2137FD100021FA2B /* BlockTableCell.swift */ = {isa = PBXFileReference; lastKnownFileType = sourcecode.swift; path = BlockTableCell.swift; sourceTree = "<group>"; };
		D1FBCE3F2137FD100021FA2B /* BlockTableCell.xib */ = {isa = PBXFileReference; lastKnownFileType = file.xib; path = BlockTableCell.xib; sourceTree = "<group>"; };
/* End PBXFileReference section */

/* Begin PBXFrameworksBuildPhase section */
		D1FBCDE7213772FF0021FA2B /* Frameworks */ = {
			isa = PBXFrameworksBuildPhase;
			buildActionMask = 2147483647;
			files = (
				097996A2DF40931944129641 /* Pods_BlockoneLab.framework in Frameworks */,
			);
			runOnlyForDeploymentPostprocessing = 0;
		};
/* End PBXFrameworksBuildPhase section */

/* Begin PBXGroup section */
		2A39228CBB196BB24158E4C8 /* Pods */ = {
			isa = PBXGroup;
			children = (
				6638A0BFC1247E6DF8E23FA6 /* Pods-BlockoneLab.debug.xcconfig */,
				6580AC54DA0D947C615C2BD1 /* Pods-BlockoneLab.release.xcconfig */,
			);
			name = Pods;
			sourceTree = "<group>";
		};
		7BBD763E662374A13554FBF5 /* Frameworks */ = {
			isa = PBXGroup;
			children = (
				71C69EA8B089429212850009 /* Pods_BlockoneLab.framework */,
			);
			name = Frameworks;
			sourceTree = "<group>";
		};
		D1FBCDE1213772FF0021FA2B = {
			isa = PBXGroup;
			children = (
				D1FBCDEC213772FF0021FA2B /* BlockoneLab */,
				D1FBCDEB213772FF0021FA2B /* Products */,
				2A39228CBB196BB24158E4C8 /* Pods */,
				7BBD763E662374A13554FBF5 /* Frameworks */,
			);
			sourceTree = "<group>";
		};
		D1FBCDEB213772FF0021FA2B /* Products */ = {
			isa = PBXGroup;
			children = (
				D1FBCDEA213772FF0021FA2B /* BlockoneLab.app */,
			);
			name = Products;
			sourceTree = "<group>";
		};
		D1FBCDEC213772FF0021FA2B /* BlockoneLab */ = {
			isa = PBXGroup;
			children = (
				D1FBCE0421377A5B0021FA2B /* Application */,
				D1FBCE0A21377A6C0021FA2B /* Tabs */,
				D1FBCE1021377A6D0021FA2B /* Model */,
				D1FBCE0721377A6C0021FA2B /* Network */,
				D1FBCE36213790BC0021FA2B /* Global */,
				D1FBCDF6213772FF0021FA2B /* Main.storyboard */,
				D1FBCDF9213773010021FA2B /* Assets.xcassets */,
				D1FBCDFB213773010021FA2B /* LaunchScreen.storyboard */,
				D1FBCDFE213773010021FA2B /* Info.plist */,
			);
			path = BlockoneLab;
			sourceTree = "<group>";
		};
		D1FBCE0421377A5B0021FA2B /* Application */ = {
			isa = PBXGroup;
			children = (
				D1FBCE0521377A5B0021FA2B /* AppDelegate.swift */,
				D1FBCE1D21377B680021FA2B /* BlockoneLab-Bridging-Header.h */,
			);
			path = Application;
			sourceTree = "<group>";
		};
		D1FBCE0721377A6C0021FA2B /* Network */ = {
			isa = PBXGroup;
			children = (
				D1FBCE0821377A6C0021FA2B /* ServiceManager.swift */,
				D1FBCE0921377A6C0021FA2B /* API.swift */,
			);
			path = Network;
			sourceTree = "<group>";
		};
		D1FBCE0A21377A6C0021FA2B /* Tabs */ = {
			isa = PBXGroup;
			children = (
				D1FBCE0D21377A6C0021FA2B /* Base */,
				D1FBCE0B21377A6C0021FA2B /* Search */,
			);
			path = Tabs;
			sourceTree = "<group>";
		};
		D1FBCE0B21377A6C0021FA2B /* Search */ = {
			isa = PBXGroup;
			children = (
				D1FBCE3D2137FCC80021FA2B /* TableAssets */,
				D1FBCE1E21377CF70021FA2B /* SearchViewController.swift */,
				D1FBCE2021377D4E0021FA2B /* Search.storyboard */,
				D1FBCE0C21377A6C0021FA2B /* Detail */,
			);
			path = Search;
			sourceTree = "<group>";
		};
		D1FBCE0C21377A6C0021FA2B /* Detail */ = {
			isa = PBXGroup;
			children = (
				D1FBCE392137916E0021FA2B /* DetailViewController.swift */,
				D1FBCE3B213791820021FA2B /* Detail.storyboard */,
			);
			path = Detail;
			sourceTree = "<group>";
		};
		D1FBCE0D21377A6C0021FA2B /* Base */ = {
			isa = PBXGroup;
			children = (
				D1FBCE0E21377A6C0021FA2B /* BaseViewController.swift */,
				D1FBCE0F21377A6C0021FA2B /* SplitViewController.swift */,
			);
			path = Base;
			sourceTree = "<group>";
		};
		D1FBCE1021377A6D0021FA2B /* Model */ = {
			isa = PBXGroup;
			children = (
				D1FBCE1221377A6D0021FA2B /* BlockoneLab.xcdatamodeld */,
				D1FBCE1121377A6D0021FA2B /* Derived */,
				D1FBCE1421377A6D0021FA2B /* Stubbed */,
				D1FBCE1521377A6D0021FA2B /* Utility */,
			);
			path = Model;
			sourceTree = "<group>";
		};
		D1FBCE1121377A6D0021FA2B /* Derived */ = {
			isa = PBXGroup;
			children = (
				D1FBCE2F21378A170021FA2B /* Block+CoreDataClass.swift */,
				D1FBCE2C21378A170021FA2B /* BlockchainInfo+CoreDataClass.swift */,
				D1FBCE2E21378A170021FA2B /* CycleSummary+CoreDataClass.swift */,
				D1FBCE2D21378A170021FA2B /* Region+CoreDataClass.swift */,
				D1FBCE3021378A170021FA2B /* Transaction+CoreDataClass.swift */,
			);
			path = Derived;
			sourceTree = "<group>";
		};
		D1FBCE1421377A6D0021FA2B /* Stubbed */ = {
			isa = PBXGroup;
			children = (
				D1FBCE2221378A060021FA2B /* Block+CoreDataProperties.swift */,
				D1FBCE2521378A060021FA2B /* BlockchainInfo+CoreDataProperties.swift */,
				D1FBCE2321378A060021FA2B /* CycleSummary+CoreDataProperties.swift */,
				D1FBCE2421378A060021FA2B /* Region+CoreDataProperties.swift */,
				D1FBCE2621378A060021FA2B /* Transaction+CoreDataProperties.swift */,
			);
			path = Stubbed;
			sourceTree = "<group>";
		};
		D1FBCE1521377A6D0021FA2B /* Utility */ = {
			isa = PBXGroup;
			children = (
				D1FBCE1621377A6D0021FA2B /* CoreDataUtility.swift */,
			);
			path = Utility;
			sourceTree = "<group>";
		};
		D1FBCE36213790BC0021FA2B /* Global */ = {
			isa = PBXGroup;
			children = (
				D1FBCE37213790BC0021FA2B /* DeviceType.swift */,
			);
			path = Global;
			sourceTree = "<group>";
		};
		D1FBCE3D2137FCC80021FA2B /* TableAssets */ = {
			isa = PBXGroup;
			children = (
				D1FBCE3E2137FD100021FA2B /* BlockTableCell.swift */,
				D1FBCE3F2137FD100021FA2B /* BlockTableCell.xib */,
			);
			path = TableAssets;
			sourceTree = "<group>";
		};
/* End PBXGroup section */

/* Begin PBXNativeTarget section */
		D1FBCDE9213772FF0021FA2B /* BlockoneLab */ = {
			isa = PBXNativeTarget;
			buildConfigurationList = D1FBCE01213773010021FA2B /* Build configuration list for PBXNativeTarget "BlockoneLab" */;
			buildPhases = (
				6B2445725BA1EAF353BBB9C5 /* [CP] Check Pods Manifest.lock */,
				D1FBCDE6213772FF0021FA2B /* Sources */,
				D1FBCDE7213772FF0021FA2B /* Frameworks */,
				D1FBCDE8213772FF0021FA2B /* Resources */,
				916C728C61490E15BD1F5A5D /* [CP] Embed Pods Frameworks */,
			);
			buildRules = (
			);
			dependencies = (
			);
			name = BlockoneLab;
			productName = BlockoneLab;
			productReference = D1FBCDEA213772FF0021FA2B /* BlockoneLab.app */;
			productType = "com.apple.product-type.application";
		};
/* End PBXNativeTarget section */

/* Begin PBXProject section */
		D1FBCDE2213772FF0021FA2B /* Project object */ = {
			isa = PBXProject;
			attributes = {
				LastSwiftUpdateCheck = 0940;
				LastUpgradeCheck = 0940;
				ORGANIZATIONNAME = "Gigabit LLC";
				TargetAttributes = {
					D1FBCDE9213772FF0021FA2B = {
						CreatedOnToolsVersion = 9.4.1;
					};
				};
			};
			buildConfigurationList = D1FBCDE5213772FF0021FA2B /* Build configuration list for PBXProject "BlockoneLab" */;
			compatibilityVersion = "Xcode 9.3";
			developmentRegion = en;
			hasScannedForEncodings = 0;
			knownRegions = (
				en,
				Base,
			);
			mainGroup = D1FBCDE1213772FF0021FA2B;
			productRefGroup = D1FBCDEB213772FF0021FA2B /* Products */;
			projectDirPath = "";
			projectRoot = "";
			targets = (
				D1FBCDE9213772FF0021FA2B /* BlockoneLab */,
			);
		};
/* End PBXProject section */

/* Begin PBXResourcesBuildPhase section */
		D1FBCDE8213772FF0021FA2B /* Resources */ = {
			isa = PBXResourcesBuildPhase;
			buildActionMask = 2147483647;
			files = (
				D1FBCDFD213773010021FA2B /* LaunchScreen.storyboard in Resources */,
				D1FBCDFA213773010021FA2B /* Assets.xcassets in Resources */,
				D1FBCE2121377D4E0021FA2B /* Search.storyboard in Resources */,
				D1FBCE3C213791820021FA2B /* Detail.storyboard in Resources */,
				D1FBCE412137FD100021FA2B /* BlockTableCell.xib in Resources */,
				D1FBCDF8213772FF0021FA2B /* Main.storyboard in Resources */,
			);
			runOnlyForDeploymentPostprocessing = 0;
		};
/* End PBXResourcesBuildPhase section */

/* Begin PBXShellScriptBuildPhase section */
		6B2445725BA1EAF353BBB9C5 /* [CP] Check Pods Manifest.lock */ = {
			isa = PBXShellScriptBuildPhase;
			buildActionMask = 2147483647;
			files = (
			);
			inputPaths = (
				"${PODS_PODFILE_DIR_PATH}/Podfile.lock",
				"${PODS_ROOT}/Manifest.lock",
			);
			name = "[CP] Check Pods Manifest.lock";
			outputPaths = (
				"$(DERIVED_FILE_DIR)/Pods-BlockoneLab-checkManifestLockResult.txt",
			);
			runOnlyForDeploymentPostprocessing = 0;
			shellPath = /bin/sh;
			shellScript = "diff \"${PODS_PODFILE_DIR_PATH}/Podfile.lock\" \"${PODS_ROOT}/Manifest.lock\" > /dev/null\nif [ $? != 0 ] ; then\n    # print error to STDERR\n    echo \"error: The sandbox is not in sync with the Podfile.lock. Run 'pod install' or update your CocoaPods installation.\" >&2\n    exit 1\nfi\n# This output is used by Xcode 'outputs' to avoid re-running this script phase.\necho \"SUCCESS\" > \"${SCRIPT_OUTPUT_FILE_0}\"\n";
			showEnvVarsInLog = 0;
		};
		916C728C61490E15BD1F5A5D /* [CP] Embed Pods Frameworks */ = {
			isa = PBXShellScriptBuildPhase;
			buildActionMask = 2147483647;
			files = (
			);
			inputPaths = (
				"${SRCROOT}/Pods/Target Support Files/Pods-BlockoneLab/Pods-BlockoneLab-frameworks.sh",
				"${BUILT_PRODUCTS_DIR}/MagicalRecord/MagicalRecord.framework",
			);
			name = "[CP] Embed Pods Frameworks";
			outputPaths = (
				"${TARGET_BUILD_DIR}/${FRAMEWORKS_FOLDER_PATH}/MagicalRecord.framework",
			);
			runOnlyForDeploymentPostprocessing = 0;
			shellPath = /bin/sh;
			shellScript = "\"${SRCROOT}/Pods/Target Support Files/Pods-BlockoneLab/Pods-BlockoneLab-frameworks.sh\"\n";
			showEnvVarsInLog = 0;
		};
/* End PBXShellScriptBuildPhase section */

/* Begin PBXSourcesBuildPhase section */
		D1FBCDE6213772FF0021FA2B /* Sources */ = {
			isa = PBXSourcesBuildPhase;
			buildActionMask = 2147483647;
			files = (
				D1FBCE2921378A060021FA2B /* Region+CoreDataProperties.swift in Sources */,
				D1FBCE1F21377CF70021FA2B /* SearchViewController.swift in Sources */,
				D1FBCE1C21377A6D0021FA2B /* CoreDataUtility.swift in Sources */,
				D1FBCE0621377A5B0021FA2B /* AppDelegate.swift in Sources */,
				D1FBCE3521378A170021FA2B /* Transaction+CoreDataClass.swift in Sources */,
				D1FBCE1B21377A6D0021FA2B /* BlockoneLab.xcdatamodeld in Sources */,
				D1FBCE1821377A6D0021FA2B /* API.swift in Sources */,
				D1FBCE3A2137916E0021FA2B /* DetailViewController.swift in Sources */,
				D1FBCE2721378A060021FA2B /* Block+CoreDataProperties.swift in Sources */,
				D1FBCE1921377A6D0021FA2B /* BaseViewController.swift in Sources */,
				D1FBCE402137FD100021FA2B /* BlockTableCell.swift in Sources */,
				D1FBCE1721377A6D0021FA2B /* ServiceManager.swift in Sources */,
				D1FBCE1A21377A6D0021FA2B /* SplitViewController.swift in Sources */,
				D1FBCE3321378A170021FA2B /* CycleSummary+CoreDataClass.swift in Sources */,
				D1FBCE2821378A060021FA2B /* CycleSummary+CoreDataProperties.swift in Sources */,
				D1FBCE3221378A170021FA2B /* Region+CoreDataClass.swift in Sources */,
				D1FBCE3121378A170021FA2B /* BlockchainInfo+CoreDataClass.swift in Sources */,
				D1FBCE2A21378A060021FA2B /* BlockchainInfo+CoreDataProperties.swift in Sources */,
				D1FBCE3421378A170021FA2B /* Block+CoreDataClass.swift in Sources */,
				D1FBCE2B21378A060021FA2B /* Transaction+CoreDataProperties.swift in Sources */,
				D1FBCE38213790BD0021FA2B /* DeviceType.swift in Sources */,
			);
			runOnlyForDeploymentPostprocessing = 0;
		};
/* End PBXSourcesBuildPhase section */

/* Begin PBXVariantGroup section */
		D1FBCDF6213772FF0021FA2B /* Main.storyboard */ = {
			isa = PBXVariantGroup;
			children = (
				D1FBCDF7213772FF0021FA2B /* Base */,
			);
			name = Main.storyboard;
			sourceTree = "<group>";
		};
		D1FBCDFB213773010021FA2B /* LaunchScreen.storyboard */ = {
			isa = PBXVariantGroup;
			children = (
				D1FBCDFC213773010021FA2B /* Base */,
			);
			name = LaunchScreen.storyboard;
			sourceTree = "<group>";
		};
/* End PBXVariantGroup section */

/* Begin XCBuildConfiguration section */
		D1FBCDFF213773010021FA2B /* Debug */ = {
			isa = XCBuildConfiguration;
			buildSettings = {
				ALWAYS_SEARCH_USER_PATHS = NO;
				CLANG_ANALYZER_NONNULL = YES;
				CLANG_ANALYZER_NUMBER_OBJECT_CONVERSION = YES_AGGRESSIVE;
				CLANG_CXX_LANGUAGE_STANDARD = "gnu++14";
				CLANG_CXX_LIBRARY = "libc++";
				CLANG_ENABLE_MODULES = YES;
				CLANG_ENABLE_OBJC_ARC = YES;
				CLANG_ENABLE_OBJC_WEAK = YES;
				CLANG_WARN_BLOCK_CAPTURE_AUTORELEASING = YES;
				CLANG_WARN_BOOL_CONVERSION = YES;
				CLANG_WARN_COMMA = YES;
				CLANG_WARN_CONSTANT_CONVERSION = YES;
				CLANG_WARN_DEPRECATED_OBJC_IMPLEMENTATIONS = YES;
				CLANG_WARN_DIRECT_OBJC_ISA_USAGE = YES_ERROR;
				CLANG_WARN_DOCUMENTATION_COMMENTS = YES;
				CLANG_WARN_EMPTY_BODY = YES;
				CLANG_WARN_ENUM_CONVERSION = YES;
				CLANG_WARN_INFINITE_RECURSION = YES;
				CLANG_WARN_INT_CONVERSION = YES;
				CLANG_WARN_NON_LITERAL_NULL_CONVERSION = YES;
				CLANG_WARN_OBJC_IMPLICIT_RETAIN_SELF = YES;
				CLANG_WARN_OBJC_LITERAL_CONVERSION = YES;
				CLANG_WARN_OBJC_ROOT_CLASS = YES_ERROR;
				CLANG_WARN_RANGE_LOOP_ANALYSIS = YES;
				CLANG_WARN_STRICT_PROTOTYPES = YES;
				CLANG_WARN_SUSPICIOUS_MOVE = YES;
				CLANG_WARN_UNGUARDED_AVAILABILITY = YES_AGGRESSIVE;
				CLANG_WARN_UNREACHABLE_CODE = YES;
				CLANG_WARN__DUPLICATE_METHOD_MATCH = YES;
				CODE_SIGN_IDENTITY = "iPhone Developer";
				COPY_PHASE_STRIP = NO;
				DEBUG_INFORMATION_FORMAT = dwarf;
				ENABLE_STRICT_OBJC_MSGSEND = YES;
				ENABLE_TESTABILITY = YES;
				GCC_C_LANGUAGE_STANDARD = gnu11;
				GCC_DYNAMIC_NO_PIC = NO;
				GCC_NO_COMMON_BLOCKS = YES;
				GCC_OPTIMIZATION_LEVEL = 0;
				GCC_PREPROCESSOR_DEFINITIONS = (
					"DEBUG=1",
					"$(inherited)",
				);
				GCC_WARN_64_TO_32_BIT_CONVERSION = YES;
				GCC_WARN_ABOUT_RETURN_TYPE = YES_ERROR;
				GCC_WARN_UNDECLARED_SELECTOR = YES;
				GCC_WARN_UNINITIALIZED_AUTOS = YES_AGGRESSIVE;
				GCC_WARN_UNUSED_FUNCTION = YES;
				GCC_WARN_UNUSED_VARIABLE = YES;
				IPHONEOS_DEPLOYMENT_TARGET = 11.4;
				MTL_ENABLE_DEBUG_INFO = YES;
				ONLY_ACTIVE_ARCH = YES;
				SDKROOT = iphoneos;
				SWIFT_ACTIVE_COMPILATION_CONDITIONS = DEBUG;
				SWIFT_OPTIMIZATION_LEVEL = "-Onone";
			};
			name = Debug;
		};
		D1FBCE00213773010021FA2B /* Release */ = {
			isa = XCBuildConfiguration;
			buildSettings = {
				ALWAYS_SEARCH_USER_PATHS = NO;
				CLANG_ANALYZER_NONNULL = YES;
				CLANG_ANALYZER_NUMBER_OBJECT_CONVERSION = YES_AGGRESSIVE;
				CLANG_CXX_LANGUAGE_STANDARD = "gnu++14";
				CLANG_CXX_LIBRARY = "libc++";
				CLANG_ENABLE_MODULES = YES;
				CLANG_ENABLE_OBJC_ARC = YES;
				CLANG_ENABLE_OBJC_WEAK = YES;
				CLANG_WARN_BLOCK_CAPTURE_AUTORELEASING = YES;
				CLANG_WARN_BOOL_CONVERSION = YES;
				CLANG_WARN_COMMA = YES;
				CLANG_WARN_CONSTANT_CONVERSION = YES;
				CLANG_WARN_DEPRECATED_OBJC_IMPLEMENTATIONS = YES;
				CLANG_WARN_DIRECT_OBJC_ISA_USAGE = YES_ERROR;
				CLANG_WARN_DOCUMENTATION_COMMENTS = YES;
				CLANG_WARN_EMPTY_BODY = YES;
				CLANG_WARN_ENUM_CONVERSION = YES;
				CLANG_WARN_INFINITE_RECURSION = YES;
				CLANG_WARN_INT_CONVERSION = YES;
				CLANG_WARN_NON_LITERAL_NULL_CONVERSION = YES;
				CLANG_WARN_OBJC_IMPLICIT_RETAIN_SELF = YES;
				CLANG_WARN_OBJC_LITERAL_CONVERSION = YES;
				CLANG_WARN_OBJC_ROOT_CLASS = YES_ERROR;
				CLANG_WARN_RANGE_LOOP_ANALYSIS = YES;
				CLANG_WARN_STRICT_PROTOTYPES = YES;
				CLANG_WARN_SUSPICIOUS_MOVE = YES;
				CLANG_WARN_UNGUARDED_AVAILABILITY = YES_AGGRESSIVE;
				CLANG_WARN_UNREACHABLE_CODE = YES;
				CLANG_WARN__DUPLICATE_METHOD_MATCH = YES;
				CODE_SIGN_IDENTITY = "iPhone Developer";
				COPY_PHASE_STRIP = NO;
				DEBUG_INFORMATION_FORMAT = "dwarf-with-dsym";
				ENABLE_NS_ASSERTIONS = NO;
				ENABLE_STRICT_OBJC_MSGSEND = YES;
				GCC_C_LANGUAGE_STANDARD = gnu11;
				GCC_NO_COMMON_BLOCKS = YES;
				GCC_WARN_64_TO_32_BIT_CONVERSION = YES;
				GCC_WARN_ABOUT_RETURN_TYPE = YES_ERROR;
				GCC_WARN_UNDECLARED_SELECTOR = YES;
				GCC_WARN_UNINITIALIZED_AUTOS = YES_AGGRESSIVE;
				GCC_WARN_UNUSED_FUNCTION = YES;
				GCC_WARN_UNUSED_VARIABLE = YES;
				IPHONEOS_DEPLOYMENT_TARGET = 11.4;
				MTL_ENABLE_DEBUG_INFO = NO;
				SDKROOT = iphoneos;
				SWIFT_COMPILATION_MODE = wholemodule;
				SWIFT_OPTIMIZATION_LEVEL = "-O";
				VALIDATE_PRODUCT = YES;
			};
			name = Release;
		};
		D1FBCE02213773010021FA2B /* Debug */ = {
			isa = XCBuildConfiguration;
			baseConfigurationReference = 6638A0BFC1247E6DF8E23FA6 /* Pods-BlockoneLab.debug.xcconfig */;
			buildSettings = {
				ASSETCATALOG_COMPILER_APPICON_NAME = AppIcon;
				CODE_SIGN_STYLE = Automatic;
				DEVELOPMENT_TEAM = MX6EDE7QQU;
				INFOPLIST_FILE = BlockoneLab/Info.plist;
				LD_RUNPATH_SEARCH_PATHS = (
					"$(inherited)",
					"@executable_path/Frameworks",
				);
				PRODUCT_BUNDLE_IDENTIFIER = com.blockone.BlockoneLab;
				PRODUCT_NAME = "$(TARGET_NAME)";
				SWIFT_OBJC_BRIDGING_HEADER = "BlockoneLab/Application/BlockoneLab-Bridging-Header.h";
				SWIFT_VERSION = 4.0;
				TARGETED_DEVICE_FAMILY = "1,2";
			};
			name = Debug;
		};
		D1FBCE03213773010021FA2B /* Release */ = {
			isa = XCBuildConfiguration;
			baseConfigurationReference = 6580AC54DA0D947C615C2BD1 /* Pods-BlockoneLab.release.xcconfig */;
			buildSettings = {
				ASSETCATALOG_COMPILER_APPICON_NAME = AppIcon;
				CODE_SIGN_STYLE = Automatic;
				DEVELOPMENT_TEAM = MX6EDE7QQU;
				INFOPLIST_FILE = BlockoneLab/Info.plist;
				LD_RUNPATH_SEARCH_PATHS = (
					"$(inherited)",
					"@executable_path/Frameworks",
				);
				PRODUCT_BUNDLE_IDENTIFIER = com.blockone.BlockoneLab;
				PRODUCT_NAME = "$(TARGET_NAME)";
				SWIFT_OBJC_BRIDGING_HEADER = "BlockoneLab/Application/BlockoneLab-Bridging-Header.h";
				SWIFT_VERSION = 4.0;
				TARGETED_DEVICE_FAMILY = "1,2";
			};
			name = Release;
		};
/* End XCBuildConfiguration section */

/* Begin XCConfigurationList section */
		D1FBCDE5213772FF0021FA2B /* Build configuration list for PBXProject "BlockoneLab" */ = {
			isa = XCConfigurationList;
			buildConfigurations = (
				D1FBCDFF213773010021FA2B /* Debug */,
				D1FBCE00213773010021FA2B /* Release */,
			);
			defaultConfigurationIsVisible = 0;
			defaultConfigurationName = Release;
		};
		D1FBCE01213773010021FA2B /* Build configuration list for PBXNativeTarget "BlockoneLab" */ = {
			isa = XCConfigurationList;
			buildConfigurations = (
				D1FBCE02213773010021FA2B /* Debug */,
				D1FBCE03213773010021FA2B /* Release */,
			);
			defaultConfigurationIsVisible = 0;
			defaultConfigurationName = Release;
		};
/* End XCConfigurationList section */

/* Begin XCVersionGroup section */
		D1FBCE1221377A6D0021FA2B /* BlockoneLab.xcdatamodeld */ = {
			isa = XCVersionGroup;
			children = (
				D1FBCE1321377A6D0021FA2B /* BlockoneLab.xcdatamodel */,
			);
			currentVersion = D1FBCE1321377A6D0021FA2B /* BlockoneLab.xcdatamodel */;
			path = BlockoneLab.xcdatamodeld;
			sourceTree = "<group>";
			versionGroupType = wrapper.xcdatamodel;
		};
/* End XCVersionGroup section */
	};
	rootObject = D1FBCDE2213772FF0021FA2B /* Project object */;
}
